
Microsoft Visual Studio Solution File, Format Version 12.00
# Visual Studio 15
VisualStudioVersion = 15.0.26124.0
MinimumVisualStudioVersion = 15.0.26124.0
Project("{FAE04EC0-301F-11D3-BF4B-00C04F79EFBC}") = "MyMath", "MyMath\MyMath.csproj", "{967A726C-95EA-439C-8EA3-C448E1845EE6}"
EndProject
Project("{FAE04EC0-301F-11D3-BF4B-00C04F79EFBC}") = "MyMath.Tests", "MyMath.Tests\MyMath.Tests.csproj", "{CAF0D238-DD27-4971-B610-89219C534272}"
EndProject
Global
	GlobalSection(SolutionConfigurationPlatforms) = preSolution
		Debug|Any CPU = Debug|Any CPU
		Debug|x64 = Debug|x64
		Debug|x86 = Debug|x86
		Release|Any CPU = Release|Any CPU
		Release|x64 = Release|x64
		Release|x86 = Release|x86
	EndGlobalSection
	GlobalSection(SolutionProperties) = preSolution
		HideSolutionNode = FALSE
	EndGlobalSection
	GlobalSection(ProjectConfigurationPlatforms) = postSolution
		{967A726C-95EA-439C-8EA3-C448E1845EE6}.Debug|Any CPU.ActiveCfg = Debug|Any CPU
		{967A726C-95EA-439C-8EA3-C448E1845EE6}.Debug|Any CPU.Build.0 = Debug|Any CPU
		{967A726C-95EA-439C-8EA3-C448E1845EE6}.Debug|x64.ActiveCfg = Debug|Any CPU
		{967A726C-95EA-439C-8EA3-C448E1845EE6}.Debug|x64.Build.0 = Debug|Any CPU
		{967A726C-95EA-439C-8EA3-C448E1845EE6}.Debug|x86.ActiveCfg = Debug|Any CPU
		{967A726C-95EA-439C-8EA3-C448E1845EE6}.Debug|x86.Build.0 = Debug|Any CPU
		{967A726C-95EA-439C-8EA3-C448E1845EE6}.Release|Any CPU.ActiveCfg = Release|Any CPU
		{967A726C-95EA-439C-8EA3-C448E1845EE6}.Release|Any CPU.Build.0 = Release|Any CPU
		{967A726C-95EA-439C-8EA3-C448E1845EE6}.Release|x64.ActiveCfg = Release|Any CPU
		{967A726C-95EA-439C-8EA3-C448E1845EE6}.Release|x64.Build.0 = Release|Any CPU
		{967A726C-95EA-439C-8EA3-C448E1845EE6}.Release|x86.ActiveCfg = Release|Any CPU
		{967A726C-95EA-439C-8EA3-C448E1845EE6}.Release|x86.Build.0 = Release|Any CPU
		{CAF0D238-DD27-4971-B610-89219C534272}.Debug|Any CPU.ActiveCfg = Debug|Any CPU
		{CAF0D238-DD27-4971-B610-89219C534272}.Debug|Any CPU.Build.0 = Debug|Any CPU
		{CAF0D238-DD27-4971-B610-89219C534272}.Debug|x64.ActiveCfg = Debug|Any CPU
		{CAF0D238-DD27-4971-B610-89219C534272}.Debug|x64.Build.0 = Debug|Any CPU
		{CAF0D238-DD27-4971-B610-89219C534272}.Debug|x86.ActiveCfg = Debug|Any CPU
		{CAF0D238-DD27-4971-B610-89219C534272}.Debug|x86.Build.0 = Debug|Any CPU
		{CAF0D238-DD27-4971-B610-89219C534272}.Release|Any CPU.ActiveCfg = Release|Any CPU
		{CAF0D238-DD27-4971-B610-89219C534272}.Release|Any CPU.Build.0 = Release|Any CPU
		{CAF0D238-DD27-4971-B610-89219C534272}.Release|x64.ActiveCfg = Release|Any CPU
		{CAF0D238-DD27-4971-B610-89219C534272}.Release|x64.Build.0 = Release|Any CPU
		{CAF0D238-DD27-4971-B610-89219C534272}.Release|x86.ActiveCfg = Release|Any CPU
		{CAF0D238-DD27-4971-B610-89219C534272}.Release|x86.Build.0 = Release|Any CPU
	EndGlobalSection
EndGlobal
